// !$*UTF8*$!
{
	archiveVersion = 1;
	classes = {
	};
	objectVersion = 56;
	objects = {

/* Begin PBXBuildFile section */
		C7B648582CC2AD800073EE54 /* AppDelegate.swift in Sources */ = {isa = PBXBuildFile; fileRef = C7B648572CC2AD800073EE54 /* AppDelegate.swift */; };
		C7B6485A2CC2AD800073EE54 /* SceneDelegate.swift in Sources */ = {isa = PBXBuildFile; fileRef = C7B648592CC2AD800073EE54 /* SceneDelegate.swift */; };
		C7B6485C2CC2AD800073EE54 /* ViewController.swift in Sources */ = {isa = PBXBuildFile; fileRef = C7B6485B2CC2AD800073EE54 /* ViewController.swift */; };
		C7B6485F2CC2AD800073EE54 /* Main.storyboard in Resources */ = {isa = PBXBuildFile; fileRef = C7B6485D2CC2AD800073EE54 /* Main.storyboard */; };
		C7B648612CC2AD820073EE54 /* Assets.xcassets in Resources */ = {isa = PBXBuildFile; fileRef = C7B648602CC2AD820073EE54 /* Assets.xcassets */; };
		C7B648642CC2AD820073EE54 /* LaunchScreen.storyboard in Resources */ = {isa = PBXBuildFile; fileRef = C7B648622CC2AD820073EE54 /* LaunchScreen.storyboard */; };
		C7B6486C2CC2B19F0073EE54 /* MiDataSource.swift in Sources */ = {isa = PBXBuildFile; fileRef = C7B6486B2CC2B19F0073EE54 /* MiDataSource.swift */; };
		C7B6486E2CC2BA6D0073EE54 /* MiDelegate.swift in Sources */ = {isa = PBXBuildFile; fileRef = C7B6486D2CC2BA6D0073EE54 /* MiDelegate.swift */; };
/* End PBXBuildFile section */

/* Begin PBXFileReference section */
		C7B648542CC2AD800073EE54 /* EjercicioTablas.app */ = {isa = PBXFileReference; explicitFileType = wrapper.application; includeInIndex = 0; path = EjercicioTablas.app; sourceTree = BUILT_PRODUCTS_DIR; };
		C7B648572CC2AD800073EE54 /* AppDelegate.swift */ = {isa = PBXFileReference; lastKnownFileType = sourcecode.swift; path = AppDelegate.swift; sourceTree = "<group>"; };
		C7B648592CC2AD800073EE54 /* SceneDelegate.swift */ = {isa = PBXFileReference; lastKnownFileType = sourcecode.swift; path = SceneDelegate.swift; sourceTree = "<group>"; };
		C7B6485B2CC2AD800073EE54 /* ViewController.swift */ = {isa = PBXFileReference; lastKnownFileType = sourcecode.swift; path = ViewController.swift; sourceTree = "<group>"; };
		C7B6485E2CC2AD800073EE54 /* Base */ = {isa = PBXFileReference; lastKnownFileType = file.storyboard; name = Base; path = Base.lproj/Main.storyboard; sourceTree = "<group>"; };
		C7B648602CC2AD820073EE54 /* Assets.xcassets */ = {isa = PBXFileReference; lastKnownFileType = folder.assetcatalog; path = Assets.xcassets; sourceTree = "<group>"; };
		C7B648632CC2AD820073EE54 /* Base */ = {isa = PBXFileReference; lastKnownFileType = file.storyboard; name = Base; path = Base.lproj/LaunchScreen.storyboard; sourceTree = "<group>"; };
		C7B648652CC2AD820073EE54 /* Info.plist */ = {isa = PBXFileReference; lastKnownFileType = text.plist.xml; path = Info.plist; sourceTree = "<group>"; };
		C7B6486B2CC2B19F0073EE54 /* MiDataSource.swift */ = {isa = PBXFileReference; lastKnownFileType = sourcecode.swift; path = MiDataSource.swift; sourceTree = "<group>"; };
		C7B6486D2CC2BA6D0073EE54 /* MiDelegate.swift */ = {isa = PBXFileReference; lastKnownFileType = sourcecode.swift; path = MiDelegate.swift; sourceTree = "<group>"; };
/* End PBXFileReference section */

/* Begin PBXFrameworksBuildPhase section */
		C7B648512CC2AD800073EE54 /* Frameworks */ = {
			isa = PBXFrameworksBuildPhase;
			buildActionMask = 2147483647;
			files = (
			);
			runOnlyForDeploymentPostprocessing = 0;
		};
/* End PBXFrameworksBuildPhase section */

/* Begin PBXGroup section */
		C7B6484B2CC2AD800073EE54 = {
			isa = PBXGroup;
			children = (
				C7B648562CC2AD800073EE54 /* EjercicioTablas */,
				C7B648552CC2AD800073EE54 /* Products */,
			);
			sourceTree = "<group>";
		};
		C7B648552CC2AD800073EE54 /* Products */ = {
			isa = PBXGroup;
			children = (
				C7B648542CC2AD800073EE54 /* EjercicioTablas.app */,
			);
			name = Products;
			sourceTree = "<group>";
		};
		C7B648562CC2AD800073EE54 /* EjercicioTablas */ = {
			isa = PBXGroup;
			children = (
				C7B6486D2CC2BA6D0073EE54 /* MiDelegate.swift */,
				C7B648572CC2AD800073EE54 /* AppDelegate.swift */,
				C7B648592CC2AD800073EE54 /* SceneDelegate.swift */,
				C7B6485B2CC2AD800073EE54 /* ViewController.swift */,
				C7B6486B2CC2B19F0073EE54 /* MiDataSource.swift */,
				C7B6485D2CC2AD800073EE54 /* Main.storyboard */,
				C7B648602CC2AD820073EE54 /* Assets.xcassets */,
				C7B648622CC2AD820073EE54 /* LaunchScreen.storyboard */,
				C7B648652CC2AD820073EE54 /* Info.plist */,
			);
			path = EjercicioTablas;
			sourceTree = "<group>";
		};
/* End PBXGroup section */

/* Begin PBXNativeTarget section */
		C7B648532CC2AD800073EE54 /* EjercicioTablas */ = {
			isa = PBXNativeTarget;
			buildConfigurationList = C7B648682CC2AD820073EE54 /* Build configuration list for PBXNativeTarget "EjercicioTablas" */;
			buildPhases = (
				C7B648502CC2AD800073EE54 /* Sources */,
				C7B648512CC2AD800073EE54 /* Frameworks */,
				C7B648522CC2AD800073EE54 /* Resources */,
			);
			buildRules = (
			);
			dependencies = (
			);
			name = EjercicioTablas;
			productName = EjercicioTablas;
			productReference = C7B648542CC2AD800073EE54 /* EjercicioTablas.app */;
			productType = "com.apple.product-type.application";
		};
/* End PBXNativeTarget section */

/* Begin PBXProject section */
		C7B6484C2CC2AD800073EE54 /* Project object */ = {
			isa = PBXProject;
			attributes = {
				BuildIndependentTargetsInParallel = 1;
				LastSwiftUpdateCheck = 1420;
				LastUpgradeCheck = 1420;
				TargetAttributes = {
					C7B648532CC2AD800073EE54 = {
						CreatedOnToolsVersion = 14.2;
					};
				};
			};
			buildConfigurationList = C7B6484F2CC2AD800073EE54 /* Build configuration list for PBXProject "EjercicioTablas" */;
			compatibilityVersion = "Xcode 14.0";
			developmentRegion = en;
			hasScannedForEncodings = 0;
			knownRegions = (
				en,
				Base,
			);
			mainGroup = C7B6484B2CC2AD800073EE54;
			productRefGroup = C7B648552CC2AD800073EE54 /* Products */;
			projectDirPath = "";
			projectRoot = "";
			targets = (
				C7B648532CC2AD800073EE54 /* EjercicioTablas */,
			);
		};
/* End PBXProject section */

/* Begin PBXResourcesBuildPhase section */
		C7B648522CC2AD800073EE54 /* Resources */ = {
			isa = PBXResourcesBuildPhase;
			buildActionMask = 2147483647;
			files = (
				C7B648642CC2AD820073EE54 /* LaunchScreen.storyboard in Resources */,
				C7B648612CC2AD820073EE54 /* Assets.xcassets in Resources */,
				C7B6485F2CC2AD800073EE54 /* Main.storyboard in Resources */,
			);
			runOnlyForDeploymentPostprocessing = 0;
		};
/* End PBXResourcesBuildPhase section */

/* Begin PBXSourcesBuildPhase section */
		C7B648502CC2AD800073EE54 /* Sources */ = {
			isa = PBXSourcesBuildPhase;
			buildActionMask = 2147483647;
			files = (
				C7B6485C2CC2AD800073EE54 /* ViewController.swift in Sources */,
				C7B648582CC2AD800073EE54 /* AppDelegate.swift in Sources */,
				C7B6486C2CC2B19F0073EE54 /* MiDataSource.swift in Sources */,
				C7B6485A2CC2AD800073EE54 /* SceneDelegate.swift in Sources */,
				C7B6486E2CC2BA6D0073EE54 /* MiDelegate.swift in Sources */,
			);
			runOnlyForDeploymentPostprocessing = 0;
		};
/* End PBXSourcesBuildPhase section */

/* Begin PBXVariantGroup section */
		C7B6485D2CC2AD800073EE54 /* Main.storyboard */ = {
			isa = PBXVariantGroup;
			children = (
				C7B6485E2CC2AD800073EE54 /* Base */,
			);
			name = Main.storyboard;
			sourceTree = "<group>";
		};
		C7B648622CC2AD820073EE54 /* LaunchScreen.storyboard */ = {
			isa = PBXVariantGroup;
			children = (
				C7B648632CC2AD820073EE54 /* Base */,
			);
			name = LaunchScreen.storyboard;
			sourceTree = "<group>";
		};
/* End PBXVariantGroup section */

/* Begin XCBuildConfiguration section */
		C7B648662CC2AD820073EE54 /* Debug */ = {
			isa = XCBuildConfiguration;
			buildSettings = {
				ALWAYS_SEARCH_USER_PATHS = NO;
				CLANG_ANALYZER_NONNULL = YES;
				CLANG_ANALYZER_NUMBER_OBJECT_CONVERSION = YES_AGGRESSIVE;
				CLANG_CXX_LANGUAGE_STANDARD = "gnu++20";
				CLANG_ENABLE_MODULES = YES;
				CLANG_ENABLE_OBJC_ARC = YES;
				CLANG_ENABLE_OBJC_WEAK = YES;
				CLANG_WARN_BLOCK_CAPTURE_AUTORELEASING = YES;
				CLANG_WARN_BOOL_CONVERSION = YES;
				CLANG_WARN_COMMA = YES;
				CLANG_WARN_CONSTANT_CONVERSION = YES;
				CLANG_WARN_DEPRECATED_OBJC_IMPLEMENTATIONS = YES;
				CLANG_WARN_DIRECT_OBJC_ISA_USAGE = YES_ERROR;
				CLANG_WARN_DOCUMENTATION_COMMENTS = YES;
				CLANG_WARN_EMPTY_BODY = YES;
				CLANG_WARN_ENUM_CONVERSION = YES;
				CLANG_WARN_INFINITE_RECURSION = YES;
				CLANG_WARN_INT_CONVERSION = YES;
				CLANG_WARN_NON_LITERAL_NULL_CONVERSION = YES;
				CLANG_WARN_OBJC_IMPLICIT_RETAIN_SELF = YES;
				CLANG_WARN_OBJC_LITERAL_CONVERSION = YES;
				CLANG_WARN_OBJC_ROOT_CLASS = YES_ERROR;
				CLANG_WARN_QUOTED_INCLUDE_IN_FRAMEWORK_HEADER = YES;
				CLANG_WARN_RANGE_LOOP_ANALYSIS = YES;
				CLANG_WARN_STRICT_PROTOTYPES = YES;
				CLANG_WARN_SUSPICIOUS_MOVE = YES;
				CLANG_WARN_UNGUARDED_AVAILABILITY = YES_AGGRESSIVE;
				CLANG_WARN_UNREACHABLE_CODE = YES;
				CLANG_WARN__DUPLICATE_METHOD_MATCH = YES;
				COPY_PHASE_STRIP = NO;
				DEBUG_INFORMATION_FORMAT = dwarf;
				ENABLE_STRICT_OBJC_MSGSEND = YES;
				ENABLE_TESTABILITY = YES;
				GCC_C_LANGUAGE_STANDARD = gnu11;
				GCC_DYNAMIC_NO_PIC = NO;
				GCC_NO_COMMON_BLOCKS = YES;
				GCC_OPTIMIZATION_LEVEL = 0;
				GCC_PREPROCESSOR_DEFINITIONS = (
					"DEBUG=1",
					"$(inherited)",
				);
				GCC_WARN_64_TO_32_BIT_CONVERSION = YES;
				GCC_WARN_ABOUT_RETURN_TYPE = YES_ERROR;
				GCC_WARN_UNDECLARED_SELECTOR = YES;
				GCC_WARN_UNINITIALIZED_AUTOS = YES_AGGRESSIVE;
				GCC_WARN_UNUSED_FUNCTION = YES;
				GCC_WARN_UNUSED_VARIABLE = YES;
				IPHONEOS_DEPLOYMENT_TARGET = 16.2;
				MTL_ENABLE_DEBUG_INFO = INCLUDE_SOURCE;
				MTL_FAST_MATH = YES;
				ONLY_ACTIVE_ARCH = YES;
				SDKROOT = iphoneos;
				SWIFT_ACTIVE_COMPILATION_CONDITIONS = DEBUG;
				SWIFT_OPTIMIZATION_LEVEL = "-Onone";
			};
			name = Debug;
		};
		C7B648672CC2AD820073EE54 /* Release */ = {
			isa = XCBuildConfiguration;
			buildSettings = {
				ALWAYS_SEARCH_USER_PATHS = NO;
				CLANG_ANALYZER_NONNULL = YES;
				CLANG_ANALYZER_NUMBER_OBJECT_CONVERSION = YES_AGGRESSIVE;
				CLANG_CXX_LANGUAGE_STANDARD = "gnu++20";
				CLANG_ENABLE_MODULES = YES;
				CLANG_ENABLE_OBJC_ARC = YES;
				CLANG_ENABLE_OBJC_WEAK = YES;
				CLANG_WARN_BLOCK_CAPTURE_AUTORELEASING = YES;
				CLANG_WARN_BOOL_CONVERSION = YES;
				CLANG_WARN_COMMA = YES;
				CLANG_WARN_CONSTANT_CONVERSION = YES;
				CLANG_WARN_DEPRECATED_OBJC_IMPLEMENTATIONS = YES;
				CLANG_WARN_DIRECT_OBJC_ISA_USAGE = YES_ERROR;
				CLANG_WARN_DOCUMENTATION_COMMENTS = YES;
				CLANG_WARN_EMPTY_BODY = YES;
				CLANG_WARN_ENUM_CONVERSION = YES;
				CLANG_WARN_INFINITE_RECURSION = YES;
				CLANG_WARN_INT_CONVERSION = YES;
				CLANG_WARN_NON_LITERAL_NULL_CONVERSION = YES;
				CLANG_WARN_OBJC_IMPLICIT_RETAIN_SELF = YES;
				CLANG_WARN_OBJC_LITERAL_CONVERSION = YES;
				CLANG_WARN_OBJC_ROOT_CLASS = YES_ERROR;
				CLANG_WARN_QUOTED_INCLUDE_IN_FRAMEWORK_HEADER = YES;
				CLANG_WARN_RANGE_LOOP_ANALYSIS = YES;
				CLANG_WARN_STRICT_PROTOTYPES = YES;
				CLANG_WARN_SUSPICIOUS_MOVE = YES;
				CLANG_WARN_UNGUARDED_AVAILABILITY = YES_AGGRESSIVE;
				CLANG_WARN_UNREACHABLE_CODE = YES;
				CLANG_WARN__DUPLICATE_METHOD_MATCH = YES;
				COPY_PHASE_STRIP = NO;
				DEBUG_INFORMATION_FORMAT = "dwarf-with-dsym";
				ENABLE_NS_ASSERTIONS = NO;
				ENABLE_STRICT_OBJC_MSGSEND = YES;
				GCC_C_LANGUAGE_STANDARD = gnu11;
				GCC_NO_COMMON_BLOCKS = YES;
				GCC_WARN_64_TO_32_BIT_CONVERSION = YES;
				GCC_WARN_ABOUT_RETURN_TYPE = YES_ERROR;
				GCC_WARN_UNDECLARED_SELECTOR = YES;
				GCC_WARN_UNINITIALIZED_AUTOS = YES_AGGRESSIVE;
				GCC_WARN_UNUSED_FUNCTION = YES;
				GCC_WARN_UNUSED_VARIABLE = YES;
				IPHONEOS_DEPLOYMENT_TARGET = 16.2;
				MTL_ENABLE_DEBUG_INFO = NO;
				MTL_FAST_MATH = YES;
				SDKROOT = iphoneos;
				SWIFT_COMPILATION_MODE = wholemodule;
				SWIFT_OPTIMIZATION_LEVEL = "-O";
				VALIDATE_PRODUCT = YES;
			};
			name = Release;
		};
		C7B648692CC2AD820073EE54 /* Debug */ = {
			isa = XCBuildConfiguration;
			buildSettings = {
				ASSETCATALOG_COMPILER_APPICON_NAME = AppIcon;
				ASSETCATALOG_COMPILER_GLOBAL_ACCENT_COLOR_NAME = AccentColor;
				CODE_SIGN_STYLE = Automatic;
				CURRENT_PROJECT_VERSION = 1;
				GENERATE_INFOPLIST_FILE = YES;
				INFOPLIST_FILE = EjercicioTablas/Info.plist;
				INFOPLIST_KEY_UIApplicationSupportsIndirectInputEvents = YES;
				INFOPLIST_KEY_UILaunchStoryboardName = LaunchScreen;
				INFOPLIST_KEY_UIMainStoryboardFile = Main;
				INFOPLIST_KEY_UISupportedInterfaceOrientations_iPad = "UIInterfaceOrientationPortrait UIInterfaceOrientationPortraitUpsideDown UIInterfaceOrientationLandscapeLeft UIInterfaceOrientationLandscapeRight";
				INFOPLIST_KEY_UISupportedInterfaceOrientations_iPhone = "UIInterfaceOrientationPortrait UIInterfaceOrientationLandscapeLeft UIInterfaceOrientationLandscapeRight";
				LD_RUNPATH_SEARCH_PATHS = (
					"$(inherited)",
					"@executable_path/Frameworks",
				);
				MARKETING_VERSION = 1.0;
				PRODUCT_BUNDLE_IDENTIFIER = es.ua.mastermoviles.EjercicioTablas;
				PRODUCT_NAME = "$(TARGET_NAME)";
				SWIFT_EMIT_LOC_STRINGS = YES;
				SWIFT_VERSION = 5.0;
				TARGETED_DEVICE_FAMILY = "1,2";
			};
			name = Debug;
		};
		C7B6486A2CC2AD820073EE54 /* Release */ = {
			isa = XCBuildConfiguration;
			buildSettings = {
				ASSETCATALOG_COMPILER_APPICON_NAME = AppIcon;
				ASSETCATALOG_COMPILER_GLOBAL_ACCENT_COLOR_NAME = AccentColor;
				CODE_SIGN_STYLE = Automatic;
				CURRENT_PROJECT_VERSION = 1;
				GENERATE_INFOPLIST_FILE = YES;
				INFOPLIST_FILE = EjercicioTablas/Info.plist;
				INFOPLIST_KEY_UIApplicationSupportsIndirectInputEvents = YES;
				INFOPLIST_KEY_UILaunchStoryboardName = LaunchScreen;
				INFOPLIST_KEY_UIMainStoryboardFile = Main;
				INFOPLIST_KEY_UISupportedInterfaceOrientations_iPad = "UIInterfaceOrientationPortrait UIInterfaceOrientationPortraitUpsideDown UIInterfaceOrientationLandscapeLeft UIInterfaceOrientationLandscapeRight";
				INFOPLIST_KEY_UISupportedInterfaceOrientations_iPhone = "UIInterfaceOrientationPortrait UIInterfaceOrientationLandscapeLeft UIInterfaceOrientationLandscapeRight";
				LD_RUNPATH_SEARCH_PATHS = (
					"$(inherited)",
					"@executable_path/Frameworks",
				);
				MARKETING_VERSION = 1.0;
				PRODUCT_BUNDLE_IDENTIFIER = es.ua.mastermoviles.EjercicioTablas;
				PRODUCT_NAME = "$(TARGET_NAME)";
				SWIFT_EMIT_LOC_STRINGS = YES;
				SWIFT_VERSION = 5.0;
				TARGETED_DEVICE_FAMILY = "1,2";
			};
			name = Release;
		};
/* End XCBuildConfiguration section */

/* Begin XCConfigurationList section */
		C7B6484F2CC2AD800073EE54 /* Build configuration list for PBXProject "EjercicioTablas" */ = {
			isa = XCConfigurationList;
			buildConfigurations = (
				C7B648662CC2AD820073EE54 /* Debug */,
				C7B648672CC2AD820073EE54 /* Release */,
			);
			defaultConfigurationIsVisible = 0;
			defaultConfigurationName = Release;
		};
		C7B648682CC2AD820073EE54 /* Build configuration list for PBXNativeTarget "EjercicioTablas" */ = {
			isa = XCConfigurationList;
			buildConfigurations = (
				C7B648692CC2AD820073EE54 /* Debug */,
				C7B6486A2CC2AD820073EE54 /* Release */,
			);
			defaultConfigurationIsVisible = 0;
			defaultConfigurationName = Release;
		};
/* End XCConfigurationList section */
	};
	rootObject = C7B6484C2CC2AD800073EE54 /* Project object */;
}
